
Microsoft Visual Studio Solution File, Format Version 12.00
# Visual Studio Version 16
VisualStudioVersion = 16.0.30225.117
MinimumVisualStudioVersion = 10.0.40219.1
Project("{FAE04EC0-301F-11D3-BF4B-00C04F79EFBC}") = "IlexMedical", "IlexMedical\IlexMedical.csproj", "{C63D9085-340D-4DB8-96C2-66ED6AC2F0FE}"
EndProject
Project("{FAE04EC0-301F-11D3-BF4B-00C04F79EFBC}") = "UnitTest", "UnitTest\UnitTest.csproj", "{BD00D2BE-CC38-42B6-BEBE-FBABCBA04157}"
EndProject
Global
	GlobalSection(SolutionConfigurationPlatforms) = preSolution
		Debug|Any CPU = Debug|Any CPU
		Release|Any CPU = Release|Any CPU
	EndGlobalSection
	GlobalSection(ProjectConfigurationPlatforms) = postSolution
		{C63D9085-340D-4DB8-96C2-66ED6AC2F0FE}.Debug|Any CPU.ActiveCfg = Debug|Any CPU
		{C63D9085-340D-4DB8-96C2-66ED6AC2F0FE}.Debug|Any CPU.Build.0 = Debug|Any CPU
		{C63D9085-340D-4DB8-96C2-66ED6AC2F0FE}.Release|Any CPU.ActiveCfg = Release|Any CPU
		{C63D9085-340D-4DB8-96C2-66ED6AC2F0FE}.Release|Any CPU.Build.0 = Release|Any CPU
		{BD00D2BE-CC38-42B6-BEBE-FBABCBA04157}.Debug|Any CPU.ActiveCfg = Debug|Any CPU
		{BD00D2BE-CC38-42B6-BEBE-FBABCBA04157}.Debug|Any CPU.Build.0 = Debug|Any CPU
		{BD00D2BE-CC38-42B6-BEBE-FBABCBA04157}.Release|Any CPU.ActiveCfg = Release|Any CPU
		{BD00D2BE-CC38-42B6-BEBE-FBABCBA04157}.Release|Any CPU.Build.0 = Release|Any CPU
	EndGlobalSection
	GlobalSection(SolutionProperties) = preSolution
		HideSolutionNode = FALSE
	EndGlobalSection
	GlobalSection(ExtensibilityGlobals) = postSolution
		SolutionGuid = {80CC0BF4-A8F8-46AE-B9C3-28B54A7BDB3C}
	EndGlobalSection
EndGlobal
